
Microsoft Visual Studio Solution File, Format Version 12.00
# Visual Studio Version 17
VisualStudioVersion = 17.0.31903.59
MinimumVisualStudioVersion = 10.0.40219.1
Project("{2150E333-8FDC-42A3-9474-1A3956D46DE8}") = "src", "src", "{827E0CD3-B72D-47B6-A68D-7590B98EB39B}"
EndProject
Project("{FAE04EC0-301F-11D3-BF4B-00C04F79EFBC}") = "Bastion.Core", "src\Bastion.Core\Bastion.Core.csproj", "{92EA5D9C-7237-43EC-B11F-0CA60965B3A0}"
EndProject
Project("{FAE04EC0-301F-11D3-BF4B-00C04F79EFBC}") = "Bastion.Service", "src\Bastion.Service\Bastion.Service.csproj", "{895EBF81-B615-48E3-BCAC-239E7EA13E51}"
EndProject
Project("{2150E333-8FDC-42A3-9474-1A3956D46DE8}") = "tools", "tools", "{07C2787E-EAC7-C090-1BA3-A61EC2A24D84}"
EndProject
Project("{FAE04EC0-301F-11D3-BF4B-00C04F79EFBC}") = "Bastion.KeyGen", "tools\Bastion.KeyGen\Bastion.KeyGen.csproj", "{B529268E-E936-401C-8D2F-1A47F6F300B7}"
EndProject
Project("{2150E333-8FDC-42A3-9474-1A3956D46DE8}") = "tests", "tests", "{0AB3BF05-4346-4AA6-1389-037BE0695223}"
EndProject
Project("{FAE04EC0-301F-11D3-BF4B-00C04F79EFBC}") = "Bastion.Core.Tests", "tests\Bastion.Core.Tests\Bastion.Core.Tests.csproj", "{E8668F60-0916-44DD-815B-76131B48775A}"
EndProject
Project("{FAE04EC0-301F-11D3-BF4B-00C04F79EFBC}") = "Bastion.App", "src\Bastion.App\Bastion.App.csproj", "{F96B0DEE-C1B7-41E2-AF92-D6B05AB238C5}"
EndProject
Project("{FAE04EC0-301F-11D3-BF4B-00C04F79EFBC}") = "Bastion.LicenseManager", "tools\Bastion.LicenseManager\Bastion.LicenseManager.csproj", "{8D01FCD1-1DC1-461A-905C-C352D67BA747}"
EndProject
Global
	GlobalSection(SolutionConfigurationPlatforms) = preSolution
		Debug|Any CPU = Debug|Any CPU
		Debug|x64 = Debug|x64
		Debug|x86 = Debug|x86
		Release|Any CPU = Release|Any CPU
		Release|x64 = Release|x64
		Release|x86 = Release|x86
	EndGlobalSection
	GlobalSection(ProjectConfigurationPlatforms) = postSolution
		{92EA5D9C-7237-43EC-B11F-0CA60965B3A0}.Debug|Any CPU.ActiveCfg = Debug|Any CPU
		{92EA5D9C-7237-43EC-B11F-0CA60965B3A0}.Debug|Any CPU.Build.0 = Debug|Any CPU
		{92EA5D9C-7237-43EC-B11F-0CA60965B3A0}.Debug|x64.ActiveCfg = Debug|Any CPU
		{92EA5D9C-7237-43EC-B11F-0CA60965B3A0}.Debug|x64.Build.0 = Debug|Any CPU
		{92EA5D9C-7237-43EC-B11F-0CA60965B3A0}.Debug|x86.ActiveCfg = Debug|Any CPU
		{92EA5D9C-7237-43EC-B11F-0CA60965B3A0}.Debug|x86.Build.0 = Debug|Any CPU
		{92EA5D9C-7237-43EC-B11F-0CA60965B3A0}.Release|Any CPU.ActiveCfg = Release|Any CPU
		{92EA5D9C-7237-43EC-B11F-0CA60965B3A0}.Release|Any CPU.Build.0 = Release|Any CPU
		{92EA5D9C-7237-43EC-B11F-0CA60965B3A0}.Release|x64.ActiveCfg = Release|Any CPU
		{92EA5D9C-7237-43EC-B11F-0CA60965B3A0}.Release|x64.Build.0 = Release|Any CPU
		{92EA5D9C-7237-43EC-B11F-0CA60965B3A0}.Release|x86.ActiveCfg = Release|Any CPU
		{92EA5D9C-7237-43EC-B11F-0CA60965B3A0}.Release|x86.Build.0 = Release|Any CPU
		{895EBF81-B615-48E3-BCAC-239E7EA13E51}.Debug|Any CPU.ActiveCfg = Debug|Any CPU
		{895EBF81-B615-48E3-BCAC-239E7EA13E51}.Debug|Any CPU.Build.0 = Debug|Any CPU
		{895EBF81-B615-48E3-BCAC-239E7EA13E51}.Debug|x64.ActiveCfg = Debug|Any CPU
		{895EBF81-B615-48E3-BCAC-239E7EA13E51}.Debug|x64.Build.0 = Debug|Any CPU
		{895EBF81-B615-48E3-BCAC-239E7EA13E51}.Debug|x86.ActiveCfg = Debug|Any CPU
		{895EBF81-B615-48E3-BCAC-239E7EA13E51}.Debug|x86.Build.0 = Debug|Any CPU
		{895EBF81-B615-48E3-BCAC-239E7EA13E51}.Release|Any CPU.ActiveCfg = Release|Any CPU
		{895EBF81-B615-48E3-BCAC-239E7EA13E51}.Release|Any CPU.Build.0 = Release|Any CPU
		{895EBF81-B615-48E3-BCAC-239E7EA13E51}.Release|x64.ActiveCfg = Release|Any CPU
		{895EBF81-B615-48E3-BCAC-239E7EA13E51}.Release|x64.Build.0 = Release|Any CPU
		{895EBF81-B615-48E3-BCAC-239E7EA13E51}.Release|x86.ActiveCfg = Release|Any CPU
		{895EBF81-B615-48E3-BCAC-239E7EA13E51}.Release|x86.Build.0 = Release|Any CPU
		{B529268E-E936-401C-8D2F-1A47F6F300B7}.Debug|Any CPU.ActiveCfg = Debug|Any CPU
		{B529268E-E936-401C-8D2F-1A47F6F300B7}.Debug|Any CPU.Build.0 = Debug|Any CPU
		{B529268E-E936-401C-8D2F-1A47F6F300B7}.Debug|x64.ActiveCfg = Debug|Any CPU
		{B529268E-E936-401C-8D2F-1A47F6F300B7}.Debug|x64.Build.0 = Debug|Any CPU
		{B529268E-E936-401C-8D2F-1A47F6F300B7}.Debug|x86.ActiveCfg = Debug|Any CPU
		{B529268E-E936-401C-8D2F-1A47F6F300B7}.Debug|x86.Build.0 = Debug|Any CPU
		{B529268E-E936-401C-8D2F-1A47F6F300B7}.Release|Any CPU.ActiveCfg = Release|Any CPU
		{B529268E-E936-401C-8D2F-1A47F6F300B7}.Release|Any CPU.Build.0 = Release|Any CPU
		{B529268E-E936-401C-8D2F-1A47F6F300B7}.Release|x64.ActiveCfg = Release|Any CPU
		{B529268E-E936-401C-8D2F-1A47F6F300B7}.Release|x64.Build.0 = Release|Any CPU
		{B529268E-E936-401C-8D2F-1A47F6F300B7}.Release|x86.ActiveCfg = Release|Any CPU
		{B529268E-E936-401C-8D2F-1A47F6F300B7}.Release|x86.Build.0 = Release|Any CPU
		{E8668F60-0916-44DD-815B-76131B48775A}.Debug|Any CPU.ActiveCfg = Debug|Any CPU
		{E8668F60-0916-44DD-815B-76131B48775A}.Debug|Any CPU.Build.0 = Debug|Any CPU
		{E8668F60-0916-44DD-815B-76131B48775A}.Debug|x64.ActiveCfg = Debug|Any CPU
		{E8668F60-0916-44DD-815B-76131B48775A}.Debug|x64.Build.0 = Debug|Any CPU
		{E8668F60-0916-44DD-815B-76131B48775A}.Debug|x86.ActiveCfg = Debug|Any CPU
		{E8668F60-0916-44DD-815B-76131B48775A}.Debug|x86.Build.0 = Debug|Any CPU
		{E8668F60-0916-44DD-815B-76131B48775A}.Release|Any CPU.ActiveCfg = Release|Any CPU
		{E8668F60-0916-44DD-815B-76131B48775A}.Release|Any CPU.Build.0 = Release|Any CPU
		{E8668F60-0916-44DD-815B-76131B48775A}.Release|x64.ActiveCfg = Release|Any CPU
		{E8668F60-0916-44DD-815B-76131B48775A}.Release|x64.Build.0 = Release|Any CPU
		{E8668F60-0916-44DD-815B-76131B48775A}.Release|x86.ActiveCfg = Release|Any CPU
		{E8668F60-0916-44DD-815B-76131B48775A}.Release|x86.Build.0 = Release|Any CPU
		{F96B0DEE-C1B7-41E2-AF92-D6B05AB238C5}.Debug|Any CPU.ActiveCfg = Debug|Any CPU
		{F96B0DEE-C1B7-41E2-AF92-D6B05AB238C5}.Debug|Any CPU.Build.0 = Debug|Any CPU
		{F96B0DEE-C1B7-41E2-AF92-D6B05AB238C5}.Debug|x64.ActiveCfg = Debug|Any CPU
		{F96B0DEE-C1B7-41E2-AF92-D6B05AB238C5}.Debug|x64.Build.0 = Debug|Any CPU
		{F96B0DEE-C1B7-41E2-AF92-D6B05AB238C5}.Debug|x86.ActiveCfg = Debug|Any CPU
		{F96B0DEE-C1B7-41E2-AF92-D6B05AB238C5}.Debug|x86.Build.0 = Debug|Any CPU
		{F96B0DEE-C1B7-41E2-AF92-D6B05AB238C5}.Release|Any CPU.ActiveCfg = Release|Any CPU
		{F96B0DEE-C1B7-41E2-AF92-D6B05AB238C5}.Release|Any CPU.Build.0 = Release|Any CPU
		{F96B0DEE-C1B7-41E2-AF92-D6B05AB238C5}.Release|x64.ActiveCfg = Release|Any CPU
		{F96B0DEE-C1B7-41E2-AF92-D6B05AB238C5}.Release|x64.Build.0 = Release|Any CPU
		{F96B0DEE-C1B7-41E2-AF92-D6B05AB238C5}.Release|x86.ActiveCfg = Release|Any CPU
		{F96B0DEE-C1B7-41E2-AF92-D6B05AB238C5}.Release|x86.Build.0 = Release|Any CPU
		{8D01FCD1-1DC1-461A-905C-C352D67BA747}.Debug|Any CPU.ActiveCfg = Debug|Any CPU
		{8D01FCD1-1DC1-461A-905C-C352D67BA747}.Debug|Any CPU.Build.0 = Debug|Any CPU
		{8D01FCD1-1DC1-461A-905C-C352D67BA747}.Debug|x64.ActiveCfg = Debug|Any CPU
		{8D01FCD1-1DC1-461A-905C-C352D67BA747}.Debug|x64.Build.0 = Debug|Any CPU
		{8D01FCD1-1DC1-461A-905C-C352D67BA747}.Debug|x86.ActiveCfg = Debug|Any CPU
		{8D01FCD1-1DC1-461A-905C-C352D67BA747}.Debug|x86.Build.0 = Debug|Any CPU
		{8D01FCD1-1DC1-461A-905C-C352D67BA747}.Release|Any CPU.ActiveCfg = Release|Any CPU
		{8D01FCD1-1DC1-461A-905C-C352D67BA747}.Release|Any CPU.Build.0 = Release|Any CPU
		{8D01FCD1-1DC1-461A-905C-C352D67BA747}.Release|x64.ActiveCfg = Release|Any CPU
		{8D01FCD1-1DC1-461A-905C-C352D67BA747}.Release|x64.Build.0 = Release|Any CPU
		{8D01FCD1-1DC1-461A-905C-C352D67BA747}.Release|x86.ActiveCfg = Release|Any CPU
		{8D01FCD1-1DC1-461A-905C-C352D67BA747}.Release|x86.Build.0 = Release|Any CPU
	EndGlobalSection
	GlobalSection(SolutionProperties) = preSolution
		HideSolutionNode = FALSE
	EndGlobalSection
	GlobalSection(NestedProjects) = preSolution
		{92EA5D9C-7237-43EC-B11F-0CA60965B3A0} = {827E0CD3-B72D-47B6-A68D-7590B98EB39B}
		{895EBF81-B615-48E3-BCAC-239E7EA13E51} = {827E0CD3-B72D-47B6-A68D-7590B98EB39B}
		{B529268E-E936-401C-8D2F-1A47F6F300B7} = {07C2787E-EAC7-C090-1BA3-A61EC2A24D84}
		{E8668F60-0916-44DD-815B-76131B48775A} = {0AB3BF05-4346-4AA6-1389-037BE0695223}
		{F96B0DEE-C1B7-41E2-AF92-D6B05AB238C5} = {827E0CD3-B72D-47B6-A68D-7590B98EB39B}
		{8D01FCD1-1DC1-461A-905C-C352D67BA747} = {07C2787E-EAC7-C090-1BA3-A61EC2A24D84}
	EndGlobalSection
EndGlobal
